Microsoft Visual Studio Solution File, Format Version 12.00
# Visual Studio Version 17
VisualStudioVersion = 17.5.2.0
MinimumVisualStudioVersion = 10.0.40219.1
Project("{FAE04EC0-301F-11D3-BF4B-00C04F79EFBC}") = "RMMSoft.Mediator", "RMMSoft.Mediator.csproj", "{6CC6364A-9894-D176-8339-682BF5676974}"
EndProject
Global
	GlobalSection(SolutionConfigurationPlatforms) = preSolution
		Debug|Any CPU = Debug|Any CPU
		Release|Any CPU = Release|Any CPU
	EndGlobalSection
	GlobalSection(ProjectConfigurationPlatforms) = postSolution
		{6CC6364A-9894-D176-8339-682BF5676974}.Debug|Any CPU.ActiveCfg = Debug|Any CPU
		{6CC6364A-9894-D176-8339-682BF5676974}.Debug|Any CPU.Build.0 = Debug|Any CPU
		{6CC6364A-9894-D176-8339-682BF5676974}.Release|Any CPU.ActiveCfg = Release|Any CPU
		{6CC6364A-9894-D176-8339-682BF5676974}.Release|Any CPU.Build.0 = Release|Any CPU
	EndGlobalSection
	GlobalSection(SolutionProperties) = preSolution
		HideSolutionNode = FALSE
	EndGlobalSection
	GlobalSection(ExtensibilityGlobals) = postSolution
		SolutionGuid = {ACE358CB-7808-4DFC-BCEE-C42EB138B1BB}
	EndGlobalSection
EndGlobal
